
Microsoft Visual Studio Solution File, Format Version 12.00
# Visual Studio 15
VisualStudioVersion = 15.0.27703.2042
MinimumVisualStudioVersion = 10.0.40219.1
Project("{FAE04EC0-301F-11D3-BF4B-00C04F79EFBC}") = "TwitterDownloadCore", "TwitterDownloadCore\TwitterDownloadCore.csproj", "{2937C0DA-7EF1-40E5-9646-48C916512264}"
EndProject
Global
	GlobalSection(SolutionConfigurationPlatforms) = preSolution
		Debug|Any CPU = Debug|Any CPU
		Release|Any CPU = Release|Any CPU
	EndGlobalSection
	GlobalSection(ProjectConfigurationPlatforms) = postSolution
		{2937C0DA-7EF1-40E5-9646-48C916512264}.Debug|Any CPU.ActiveCfg = Debug|Any CPU
		{2937C0DA-7EF1-40E5-9646-48C916512264}.Debug|Any CPU.Build.0 = Debug|Any CPU
		{2937C0DA-7EF1-40E5-9646-48C916512264}.Release|Any CPU.ActiveCfg = Release|Any CPU
		{2937C0DA-7EF1-40E5-9646-48C916512264}.Release|Any CPU.Build.0 = Release|Any CPU
	EndGlobalSection
	GlobalSection(SolutionProperties) = preSolution
		HideSolutionNode = FALSE
	EndGlobalSection
	GlobalSection(ExtensibilityGlobals) = postSolution
		SolutionGuid = {EAA0F50B-8D34-4C47-A47A-6B8EF4724BA8}
	EndGlobalSection
EndGlobal
